
Microsoft Visual Studio Solution File, Format Version 10.00
# Visual Studio 2008
Project("{FAE04EC0-301F-11D3-BF4B-00C04F79EFBC}") = "CHSNS", "UserWebService\CHSNS.csproj", "{078BA932-C865-43EA-81BF-EAE053DE0A6B}"
EndProject
Project("{FAE04EC0-301F-11D3-BF4B-00C04F79EFBC}") = "CHSNS.Core", "Chsword\CHSNS.Core.csproj", "{F7CF4538-9101-4328-81D0-AF1B2A8B314A}"
EndProject
Project("{FAE04EC0-301F-11D3-BF4B-00C04F79EFBC}") = "CHSNS.Data", "ChAlumna.Data\CHSNS.Data.csproj", "{35BE4C3F-C9D9-49C5-B8DA-ADCF8BD144F3}"
EndProject
Project("{FAE04EC0-301F-11D3-BF4B-00C04F79EFBC}") = "CHSNS.Config", "ChAlumna.Config\CHSNS.Config.csproj", "{264EE5F5-F7D9-4E3B-A9E4-F8498BCA1566}"
EndProject
Project("{FAE04EC0-301F-11D3-BF4B-00C04F79EFBC}") = "CHSNS.Models", "ChAlumna.Models\CHSNS.Models.csproj", "{A13FEE3F-28F9-4A9C-B774-7C958124D949}"
EndProject
Project("{FAE04EC0-301F-11D3-BF4B-00C04F79EFBC}") = "Web", "Web\Web.csproj", "{565374D0-3D96-4D3B-9E95-108574BA9755}"
EndProject
Project("{FAE04EC0-301F-11D3-BF4B-00C04F79EFBC}") = "CHSNS.Controllers", "CHSNS.Controllers\CHSNS.Controllers.csproj", "{3DCF59D6-C7CC-4CC7-8ED9-4A953B26E036}"
EndProject
Global
	GlobalSection(TeamFoundationVersionControl) = preSolution
		SccNumberOfProjects = 8
		SccEnterpriseProvider = {4CA58AB2-18FA-4F8D-95D4-32DDF27D184C}
		SccTeamFoundationServer = https://tfs02.codeplex.com/
		SccProjectUniqueName0 = Web\\Web.csproj
		SccProjectName0 = Web
		SccLocalPath0 = Web
		SccProjectUniqueName1 = UserWebService\\CHSNS.csproj
		SccProjectName1 = UserWebService
		SccLocalPath1 = UserWebService
		SccProjectUniqueName2 = CHSNS.Controllers\\CHSNS.Controllers.csproj
		SccProjectName2 = CHSNS.Controllers
		SccLocalPath2 = CHSNS.Controllers
		SccProjectUniqueName3 = ChAlumna.Models\\CHSNS.Models.csproj
		SccProjectName3 = ChAlumna.Models
		SccLocalPath3 = ChAlumna.Models
		SccProjectUniqueName4 = ChAlumna.Data\\CHSNS.Data.csproj
		SccProjectName4 = ChAlumna.Data
		SccLocalPath4 = ChAlumna.Data
		SccProjectUniqueName5 = Chsword\\CHSNS.Core.csproj
		SccProjectName5 = Chsword
		SccLocalPath5 = Chsword
		SccProjectUniqueName6 = ChAlumna.Config\\CHSNS.Config.csproj
		SccProjectName6 = ChAlumna.Config
		SccLocalPath6 = ChAlumna.Config
		SccLocalPath7 = .
	EndGlobalSection
	GlobalSection(SolutionConfigurationPlatforms) = preSolution
		Debug|.NET = Debug|.NET
		Debug|Any CPU = Debug|Any CPU
		Debug|Mixed Platforms = Debug|Mixed Platforms
		Release|.NET = Release|.NET
		Release|Any CPU = Release|Any CPU
		Release|Mixed Platforms = Release|Mixed Platforms
	EndGlobalSection
	GlobalSection(ProjectConfigurationPlatforms) = postSolution
		{078BA932-C865-43EA-81BF-EAE053DE0A6B}.Debug|.NET.ActiveCfg = Debug|Any CPU
		{078BA932-C865-43EA-81BF-EAE053DE0A6B}.Debug|Any CPU.ActiveCfg = Debug|Any CPU
		{078BA932-C865-43EA-81BF-EAE053DE0A6B}.Debug|Any CPU.Build.0 = Debug|Any CPU
		{078BA932-C865-43EA-81BF-EAE053DE0A6B}.Debug|Mixed Platforms.ActiveCfg = Debug|Any CPU
		{078BA932-C865-43EA-81BF-EAE053DE0A6B}.Debug|Mixed Platforms.Build.0 = Debug|Any CPU
		{078BA932-C865-43EA-81BF-EAE053DE0A6B}.Release|.NET.ActiveCfg = Release|Any CPU
		{078BA932-C865-43EA-81BF-EAE053DE0A6B}.Release|Any CPU.ActiveCfg = Release|Any CPU
		{078BA932-C865-43EA-81BF-EAE053DE0A6B}.Release|Any CPU.Build.0 = Release|Any CPU
		{078BA932-C865-43EA-81BF-EAE053DE0A6B}.Release|Mixed Platforms.ActiveCfg = Release|Any CPU
		{078BA932-C865-43EA-81BF-EAE053DE0A6B}.Release|Mixed Platforms.Build.0 = Release|Any CPU
		{F7CF4538-9101-4328-81D0-AF1B2A8B314A}.Debug|.NET.ActiveCfg = Debug|Any CPU
		{F7CF4538-9101-4328-81D0-AF1B2A8B314A}.Debug|Any CPU.ActiveCfg = Debug|Any CPU
		{F7CF4538-9101-4328-81D0-AF1B2A8B314A}.Debug|Any CPU.Build.0 = Debug|Any CPU
		{F7CF4538-9101-4328-81D0-AF1B2A8B314A}.Debug|Mixed Platforms.ActiveCfg = Debug|Any CPU
		{F7CF4538-9101-4328-81D0-AF1B2A8B314A}.Debug|Mixed Platforms.Build.0 = Debug|Any CPU
		{F7CF4538-9101-4328-81D0-AF1B2A8B314A}.Release|.NET.ActiveCfg = Release|Any CPU
		{F7CF4538-9101-4328-81D0-AF1B2A8B314A}.Release|Any CPU.ActiveCfg = Release|Any CPU
		{F7CF4538-9101-4328-81D0-AF1B2A8B314A}.Release|Any CPU.Build.0 = Release|Any CPU
		{F7CF4538-9101-4328-81D0-AF1B2A8B314A}.Release|Mixed Platforms.ActiveCfg = Release|Any CPU
		{F7CF4538-9101-4328-81D0-AF1B2A8B314A}.Release|Mixed Platforms.Build.0 = Release|Any CPU
		{35BE4C3F-C9D9-49C5-B8DA-ADCF8BD144F3}.Debug|.NET.ActiveCfg = Debug|Any CPU
		{35BE4C3F-C9D9-49C5-B8DA-ADCF8BD144F3}.Debug|Any CPU.ActiveCfg = Debug|Any CPU
		{35BE4C3F-C9D9-49C5-B8DA-ADCF8BD144F3}.Debug|Any CPU.Build.0 = Debug|Any CPU
		{35BE4C3F-C9D9-49C5-B8DA-ADCF8BD144F3}.Debug|Mixed Platforms.ActiveCfg = Debug|Any CPU
		{35BE4C3F-C9D9-49C5-B8DA-ADCF8BD144F3}.Debug|Mixed Platforms.Build.0 = Debug|Any CPU
		{35BE4C3F-C9D9-49C5-B8DA-ADCF8BD144F3}.Release|.NET.ActiveCfg = Release|Any CPU
		{35BE4C3F-C9D9-49C5-B8DA-ADCF8BD144F3}.Release|Any CPU.ActiveCfg = Release|Any CPU
		{35BE4C3F-C9D9-49C5-B8DA-ADCF8BD144F3}.Release|Any CPU.Build.0 = Release|Any CPU
		{35BE4C3F-C9D9-49C5-B8DA-ADCF8BD144F3}.Release|Mixed Platforms.ActiveCfg = Release|Any CPU
		{35BE4C3F-C9D9-49C5-B8DA-ADCF8BD144F3}.Release|Mixed Platforms.Build.0 = Release|Any CPU
		{264EE5F5-F7D9-4E3B-A9E4-F8498BCA1566}.Debug|.NET.ActiveCfg = Debug|Any CPU
		{264EE5F5-F7D9-4E3B-A9E4-F8498BCA1566}.Debug|Any CPU.ActiveCfg = Debug|Any CPU
		{264EE5F5-F7D9-4E3B-A9E4-F8498BCA1566}.Debug|Any CPU.Build.0 = Debug|Any CPU
		{264EE5F5-F7D9-4E3B-A9E4-F8498BCA1566}.Debug|Mixed Platforms.ActiveCfg = Debug|Any CPU
		{264EE5F5-F7D9-4E3B-A9E4-F8498BCA1566}.Debug|Mixed Platforms.Build.0 = Debug|Any CPU
		{264EE5F5-F7D9-4E3B-A9E4-F8498BCA1566}.Release|.NET.ActiveCfg = Release|Any CPU
		{264EE5F5-F7D9-4E3B-A9E4-F8498BCA1566}.Release|Any CPU.ActiveCfg = Release|Any CPU
		{264EE5F5-F7D9-4E3B-A9E4-F8498BCA1566}.Release|Any CPU.Build.0 = Release|Any CPU
		{264EE5F5-F7D9-4E3B-A9E4-F8498BCA1566}.Release|Mixed Platforms.ActiveCfg = Release|Any CPU
		{264EE5F5-F7D9-4E3B-A9E4-F8498BCA1566}.Release|Mixed Platforms.Build.0 = Release|Any CPU
		{A13FEE3F-28F9-4A9C-B774-7C958124D949}.Debug|.NET.ActiveCfg = Debug|Any CPU
		{A13FEE3F-28F9-4A9C-B774-7C958124D949}.Debug|Any CPU.ActiveCfg = Debug|Any CPU
		{A13FEE3F-28F9-4A9C-B774-7C958124D949}.Debug|Any CPU.Build.0 = Debug|Any CPU
		{A13FEE3F-28F9-4A9C-B774-7C958124D949}.Debug|Mixed Platforms.ActiveCfg = Debug|Any CPU
		{A13FEE3F-28F9-4A9C-B774-7C958124D949}.Debug|Mixed Platforms.Build.0 = Debug|Any CPU
		{A13FEE3F-28F9-4A9C-B774-7C958124D949}.Release|.NET.ActiveCfg = Release|Any CPU
		{A13FEE3F-28F9-4A9C-B774-7C958124D949}.Release|Any CPU.ActiveCfg = Release|Any CPU
		{A13FEE3F-28F9-4A9C-B774-7C958124D949}.Release|Any CPU.Build.0 = Release|Any CPU
		{A13FEE3F-28F9-4A9C-B774-7C958124D949}.Release|Mixed Platforms.ActiveCfg = Release|Any CPU
		{A13FEE3F-28F9-4A9C-B774-7C958124D949}.Release|Mixed Platforms.Build.0 = Release|Any CPU
		{565374D0-3D96-4D3B-9E95-108574BA9755}.Debug|.NET.ActiveCfg = Debug|Any CPU
		{565374D0-3D96-4D3B-9E95-108574BA9755}.Debug|Any CPU.ActiveCfg = Debug|Any CPU
		{565374D0-3D96-4D3B-9E95-108574BA9755}.Debug|Any CPU.Build.0 = Debug|Any CPU
		{565374D0-3D96-4D3B-9E95-108574BA9755}.Debug|Mixed Platforms.ActiveCfg = Debug|Any CPU
		{565374D0-3D96-4D3B-9E95-108574BA9755}.Debug|Mixed Platforms.Build.0 = Debug|Any CPU
		{565374D0-3D96-4D3B-9E95-108574BA9755}.Release|.NET.ActiveCfg = Release|Any CPU
		{565374D0-3D96-4D3B-9E95-108574BA9755}.Release|Any CPU.ActiveCfg = Release|Any CPU
		{565374D0-3D96-4D3B-9E95-108574BA9755}.Release|Any CPU.Build.0 = Release|Any CPU
		{565374D0-3D96-4D3B-9E95-108574BA9755}.Release|Mixed Platforms.ActiveCfg = Release|Any CPU
		{565374D0-3D96-4D3B-9E95-108574BA9755}.Release|Mixed Platforms.Build.0 = Release|Any CPU
		{3DCF59D6-C7CC-4CC7-8ED9-4A953B26E036}.Debug|.NET.ActiveCfg = Debug|Any CPU
		{3DCF59D6-C7CC-4CC7-8ED9-4A953B26E036}.Debug|Any CPU.ActiveCfg = Debug|Any CPU
		{3DCF59D6-C7CC-4CC7-8ED9-4A953B26E036}.Debug|Any CPU.Build.0 = Debug|Any CPU
		{3DCF59D6-C7CC-4CC7-8ED9-4A953B26E036}.Debug|Mixed Platforms.ActiveCfg = Debug|Any CPU
		{3DCF59D6-C7CC-4CC7-8ED9-4A953B26E036}.Debug|Mixed Platforms.Build.0 = Debug|Any CPU
		{3DCF59D6-C7CC-4CC7-8ED9-4A953B26E036}.Release|.NET.ActiveCfg = Release|Any CPU
		{3DCF59D6-C7CC-4CC7-8ED9-4A953B26E036}.Release|Any CPU.ActiveCfg = Release|Any CPU
		{3DCF59D6-C7CC-4CC7-8ED9-4A953B26E036}.Release|Any CPU.Build.0 = Release|Any CPU
		{3DCF59D6-C7CC-4CC7-8ED9-4A953B26E036}.Release|Mixed Platforms.ActiveCfg = Release|Any CPU
		{3DCF59D6-C7CC-4CC7-8ED9-4A953B26E036}.Release|Mixed Platforms.Build.0 = Release|Any CPU
	EndGlobalSection
	GlobalSection(SolutionProperties) = preSolution
		HideSolutionNode = FALSE
	EndGlobalSection
EndGlobal
