
Microsoft Visual Studio Solution File, Format Version 10.00
# Visual Studio 2008
Project("{FAE04EC0-301F-11D3-BF4B-00C04F79EFBC}") = "CHSNS.Web", "CHSNS.Web\CHSNS.Web.csproj", "{61A8149D-9355-4EC3-A3C2-B6FFDDDE4646}"
EndProject
Project("{FAE04EC0-301F-11D3-BF4B-00C04F79EFBC}") = "CHSNS.Models", "CHSNS.Models\CHSNS.Models.csproj", "{D31570A7-5A2A-4017-8B35-05FA7C389292}"
EndProject
Project("{FAE04EC0-301F-11D3-BF4B-00C04F79EFBC}") = "CHSNS.Controllers", "CHSNS.Controllers\CHSNS.Controllers.csproj", "{F9C593A8-7401-457F-9A77-66D8497F64FD}"
EndProject
Project("{FAE04EC0-301F-11D3-BF4B-00C04F79EFBC}") = "CHSNS", "CHSNS\CHSNS.csproj", "{0AC7C322-73BF-45CD-B8F1-5F882246AE21}"
EndProject
Project("{E24C65DC-7377-472B-9ABA-BC803B73C61A}") = "DataBases", "DataBases", "{13A0845A-9F7D-4AF7-A2BA-47795B10946D}"
	ProjectSection(WebsiteProperties) = preProject
		SccProjectName = "SAK"
		SccAuxPath = "SAK"
		SccLocalPath = "SAK"
		SccProvider = "SAK"
		TargetFramework = "3.5"
		Debug.AspNetCompiler.VirtualPath = "/DataBases"
		Debug.AspNetCompiler.PhysicalPath = "DataBases\"
		Debug.AspNetCompiler.TargetPath = "PrecompiledWeb\DataBases\"
		Debug.AspNetCompiler.Updateable = "true"
		Debug.AspNetCompiler.ForceOverwrite = "true"
		Debug.AspNetCompiler.FixedNames = "false"
		Debug.AspNetCompiler.Debug = "True"
		Release.AspNetCompiler.VirtualPath = "/DataBases"
		Release.AspNetCompiler.PhysicalPath = "DataBases\"
		Release.AspNetCompiler.TargetPath = "PrecompiledWeb\DataBases\"
		Release.AspNetCompiler.Updateable = "true"
		Release.AspNetCompiler.ForceOverwrite = "true"
		Release.AspNetCompiler.FixedNames = "false"
		Release.AspNetCompiler.Debug = "False"
		VWDPort = "23002"
	EndProjectSection
EndProject
Global
	GlobalSection(TeamFoundationVersionControl) = preSolution
		SccNumberOfProjects = 6
		SccEnterpriseProvider = {4CA58AB2-18FA-4F8D-95D4-32DDF27D184C}
		SccTeamFoundationServer = https://tfs02.codeplex.com/
		SccLocalPath0 = .
		SccProjectUniqueName1 = CHSNS.Controllers\\CHSNS.Controllers.csproj
		SccProjectName1 = CHSNS.Controllers
		SccLocalPath1 = CHSNS.Controllers
		SccProjectUniqueName2 = CHSNS.Models\\CHSNS.Models.csproj
		SccProjectName2 = CHSNS.Models
		SccLocalPath2 = CHSNS.Models
		SccProjectUniqueName3 = CHSNS.Web\\CHSNS.Web.csproj
		SccProjectName3 = CHSNS.Web
		SccLocalPath3 = CHSNS.Web
		SccProjectUniqueName4 = CHSNS\\CHSNS.csproj
		SccProjectName4 = CHSNS
		SccLocalPath4 = CHSNS
		SccWebProject5 = true
		SccProjectUniqueName5 = DataBases
		SccLocalPath5 = .
		SccProjectFilePathRelativizedFromConnection5 = DataBases\\
		SccProjectEnlistmentChoice5 = 2
	EndGlobalSection
	GlobalSection(SolutionConfigurationPlatforms) = preSolution
		Debug|.NET = Debug|.NET
		Debug|Any CPU = Debug|Any CPU
		Debug|Mixed Platforms = Debug|Mixed Platforms
		Release|.NET = Release|.NET
		Release|Any CPU = Release|Any CPU
		Release|Mixed Platforms = Release|Mixed Platforms
	EndGlobalSection
	GlobalSection(ProjectConfigurationPlatforms) = postSolution
		{61A8149D-9355-4EC3-A3C2-B6FFDDDE4646}.Debug|.NET.ActiveCfg = Debug|Any CPU
		{61A8149D-9355-4EC3-A3C2-B6FFDDDE4646}.Debug|Any CPU.ActiveCfg = Debug|Any CPU
		{61A8149D-9355-4EC3-A3C2-B6FFDDDE4646}.Debug|Any CPU.Build.0 = Debug|Any CPU
		{61A8149D-9355-4EC3-A3C2-B6FFDDDE4646}.Debug|Mixed Platforms.ActiveCfg = Debug|Any CPU
		{61A8149D-9355-4EC3-A3C2-B6FFDDDE4646}.Debug|Mixed Platforms.Build.0 = Debug|Any CPU
		{61A8149D-9355-4EC3-A3C2-B6FFDDDE4646}.Release|.NET.ActiveCfg = Release|Any CPU
		{61A8149D-9355-4EC3-A3C2-B6FFDDDE4646}.Release|Any CPU.ActiveCfg = Release|Any CPU
		{61A8149D-9355-4EC3-A3C2-B6FFDDDE4646}.Release|Any CPU.Build.0 = Release|Any CPU
		{61A8149D-9355-4EC3-A3C2-B6FFDDDE4646}.Release|Mixed Platforms.ActiveCfg = Release|Any CPU
		{61A8149D-9355-4EC3-A3C2-B6FFDDDE4646}.Release|Mixed Platforms.Build.0 = Release|Any CPU
		{D31570A7-5A2A-4017-8B35-05FA7C389292}.Debug|.NET.ActiveCfg = Debug|Any CPU
		{D31570A7-5A2A-4017-8B35-05FA7C389292}.Debug|Any CPU.ActiveCfg = Debug|Any CPU
		{D31570A7-5A2A-4017-8B35-05FA7C389292}.Debug|Any CPU.Build.0 = Debug|Any CPU
		{D31570A7-5A2A-4017-8B35-05FA7C389292}.Debug|Mixed Platforms.ActiveCfg = Debug|Any CPU
		{D31570A7-5A2A-4017-8B35-05FA7C389292}.Debug|Mixed Platforms.Build.0 = Debug|Any CPU
		{D31570A7-5A2A-4017-8B35-05FA7C389292}.Release|.NET.ActiveCfg = Release|Any CPU
		{D31570A7-5A2A-4017-8B35-05FA7C389292}.Release|Any CPU.ActiveCfg = Release|Any CPU
		{D31570A7-5A2A-4017-8B35-05FA7C389292}.Release|Any CPU.Build.0 = Release|Any CPU
		{D31570A7-5A2A-4017-8B35-05FA7C389292}.Release|Mixed Platforms.ActiveCfg = Release|Any CPU
		{D31570A7-5A2A-4017-8B35-05FA7C389292}.Release|Mixed Platforms.Build.0 = Release|Any CPU
		{F9C593A8-7401-457F-9A77-66D8497F64FD}.Debug|.NET.ActiveCfg = Debug|Any CPU
		{F9C593A8-7401-457F-9A77-66D8497F64FD}.Debug|Any CPU.ActiveCfg = Debug|Any CPU
		{F9C593A8-7401-457F-9A77-66D8497F64FD}.Debug|Any CPU.Build.0 = Debug|Any CPU
		{F9C593A8-7401-457F-9A77-66D8497F64FD}.Debug|Mixed Platforms.ActiveCfg = Debug|Any CPU
		{F9C593A8-7401-457F-9A77-66D8497F64FD}.Debug|Mixed Platforms.Build.0 = Debug|Any CPU
		{F9C593A8-7401-457F-9A77-66D8497F64FD}.Release|.NET.ActiveCfg = Release|Any CPU
		{F9C593A8-7401-457F-9A77-66D8497F64FD}.Release|Any CPU.ActiveCfg = Release|Any CPU
		{F9C593A8-7401-457F-9A77-66D8497F64FD}.Release|Any CPU.Build.0 = Release|Any CPU
		{F9C593A8-7401-457F-9A77-66D8497F64FD}.Release|Mixed Platforms.ActiveCfg = Release|Any CPU
		{F9C593A8-7401-457F-9A77-66D8497F64FD}.Release|Mixed Platforms.Build.0 = Release|Any CPU
		{0AC7C322-73BF-45CD-B8F1-5F882246AE21}.Debug|.NET.ActiveCfg = Debug|Any CPU
		{0AC7C322-73BF-45CD-B8F1-5F882246AE21}.Debug|Any CPU.ActiveCfg = Debug|Any CPU
		{0AC7C322-73BF-45CD-B8F1-5F882246AE21}.Debug|Any CPU.Build.0 = Debug|Any CPU
		{0AC7C322-73BF-45CD-B8F1-5F882246AE21}.Debug|Mixed Platforms.ActiveCfg = Debug|Any CPU
		{0AC7C322-73BF-45CD-B8F1-5F882246AE21}.Debug|Mixed Platforms.Build.0 = Debug|Any CPU
		{0AC7C322-73BF-45CD-B8F1-5F882246AE21}.Release|.NET.ActiveCfg = Release|Any CPU
		{0AC7C322-73BF-45CD-B8F1-5F882246AE21}.Release|Any CPU.ActiveCfg = Release|Any CPU
		{0AC7C322-73BF-45CD-B8F1-5F882246AE21}.Release|Any CPU.Build.0 = Release|Any CPU
		{0AC7C322-73BF-45CD-B8F1-5F882246AE21}.Release|Mixed Platforms.ActiveCfg = Release|Any CPU
		{0AC7C322-73BF-45CD-B8F1-5F882246AE21}.Release|Mixed Platforms.Build.0 = Release|Any CPU
		{13A0845A-9F7D-4AF7-A2BA-47795B10946D}.Debug|.NET.ActiveCfg = Debug|.NET
		{13A0845A-9F7D-4AF7-A2BA-47795B10946D}.Debug|.NET.Build.0 = Debug|.NET
		{13A0845A-9F7D-4AF7-A2BA-47795B10946D}.Debug|Any CPU.ActiveCfg = Debug|.NET
		{13A0845A-9F7D-4AF7-A2BA-47795B10946D}.Debug|Mixed Platforms.ActiveCfg = Debug|.NET
		{13A0845A-9F7D-4AF7-A2BA-47795B10946D}.Debug|Mixed Platforms.Build.0 = Debug|.NET
		{13A0845A-9F7D-4AF7-A2BA-47795B10946D}.Release|.NET.ActiveCfg = Debug|.NET
		{13A0845A-9F7D-4AF7-A2BA-47795B10946D}.Release|.NET.Build.0 = Debug|.NET
		{13A0845A-9F7D-4AF7-A2BA-47795B10946D}.Release|Any CPU.ActiveCfg = Debug|.NET
		{13A0845A-9F7D-4AF7-A2BA-47795B10946D}.Release|Mixed Platforms.ActiveCfg = Debug|.NET
		{13A0845A-9F7D-4AF7-A2BA-47795B10946D}.Release|Mixed Platforms.Build.0 = Debug|.NET
	EndGlobalSection
	GlobalSection(SolutionProperties) = preSolution
		HideSolutionNode = FALSE
	EndGlobalSection
EndGlobal
