
Microsoft Visual Studio Solution File, Format Version 11.00
# Visual Studio 2010
Project("{FAE04EC0-301F-11D3-BF4B-00C04F79EFBC}") = "CHSNS.Core", "CHSNS.Core\CHSNS.Core.csproj", "{F7CF4538-9101-4328-81D0-AF1B2A8B314A}"
EndProject
Project("{FAE04EC0-301F-11D3-BF4B-00C04F79EFBC}") = "CHSNS.Common", "CHSNS.Common\CHSNS.Common.csproj", "{9BD39C5B-5BFB-48DE-A131-3AF2D19C29FA}"
EndProject
Project("{FAE04EC0-301F-11D3-BF4B-00C04F79EFBC}") = "CHSNS.Service", "CHSNS.Service\CHSNS.Service.csproj", "{2D4FB641-C7D3-4E7F-8B58-A083C0541B66}"
EndProject
Project("{FAE04EC0-301F-11D3-BF4B-00C04F79EFBC}") = "CHSNS.MVCHelper", "CHSNS.MVCHelper\CHSNS.MVCHelper.csproj", "{3DCF59D6-C7CC-4CC7-8ED9-4A953B26E036}"
EndProject
Project("{FAE04EC0-301F-11D3-BF4B-00C04F79EFBC}") = "CHSNS.Model", "CHSNS.Model\CHSNS.Model.csproj", "{A13FEE3F-28F9-4A9C-B774-7C958124D949}"
EndProject
Project("{FAE04EC0-301F-11D3-BF4B-00C04F79EFBC}") = "Web", "Web\Web.csproj", "{565374D0-3D96-4D3B-9E95-108574BA9755}"
EndProject
Global
	GlobalSection(TeamFoundationVersionControl) = preSolution
		SccNumberOfProjects = 7
		SccEnterpriseProvider = {4CA58AB2-18FA-4F8D-95D4-32DDF27D184C}
		SccTeamFoundationServer = https://tfs.codeplex.com/tfs/tfs02
		SccLocalPath0 = .
		SccProjectUniqueName1 = CHSNS.Core\\CHSNS.Core.csproj
		SccProjectName1 = CHSNS.Core
		SccLocalPath1 = CHSNS.Core
		SccProjectUniqueName2 = CHSNS.Common\\CHSNS.Common.csproj
		SccProjectName2 = CHSNS.Common
		SccLocalPath2 = CHSNS.Common
		SccProjectUniqueName3 = CHSNS.Service\\CHSNS.Service.csproj
		SccProjectName3 = CHSNS.Service
		SccLocalPath3 = CHSNS.Service
		SccProjectUniqueName4 = CHSNS.MVCHelper\\CHSNS.MVCHelper.csproj
		SccProjectName4 = CHSNS.MVCHelper
		SccLocalPath4 = CHSNS.MVCHelper
		SccProjectUniqueName5 = CHSNS.Model\\CHSNS.Model.csproj
		SccProjectName5 = CHSNS.Model
		SccLocalPath5 = CHSNS.Model
		SccProjectUniqueName6 = Web\\Web.csproj
		SccProjectName6 = Web
		SccLocalPath6 = Web
	EndGlobalSection
	GlobalSection(TestCaseManagementSettings) = postSolution
		CategoryFile = CHSNS1.x2.vsmdi
	EndGlobalSection
	GlobalSection(SolutionConfigurationPlatforms) = preSolution
		Debug|.NET = Debug|.NET
		Debug|Any CPU = Debug|Any CPU
		Debug|Mixed Platforms = Debug|Mixed Platforms
		Default|.NET = Default|.NET
		Default|Any CPU = Default|Any CPU
		Default|Mixed Platforms = Default|Mixed Platforms
		Release|.NET = Release|.NET
		Release|Any CPU = Release|Any CPU
		Release|Mixed Platforms = Release|Mixed Platforms
	EndGlobalSection
	GlobalSection(ProjectConfigurationPlatforms) = postSolution
		{F7CF4538-9101-4328-81D0-AF1B2A8B314A}.Debug|.NET.ActiveCfg = Debug|Any CPU
		{F7CF4538-9101-4328-81D0-AF1B2A8B314A}.Debug|Any CPU.ActiveCfg = Debug|Any CPU
		{F7CF4538-9101-4328-81D0-AF1B2A8B314A}.Debug|Any CPU.Build.0 = Debug|Any CPU
		{F7CF4538-9101-4328-81D0-AF1B2A8B314A}.Debug|Mixed Platforms.ActiveCfg = Debug|Any CPU
		{F7CF4538-9101-4328-81D0-AF1B2A8B314A}.Debug|Mixed Platforms.Build.0 = Debug|Any CPU
		{F7CF4538-9101-4328-81D0-AF1B2A8B314A}.Default|.NET.ActiveCfg = Debug|Any CPU
		{F7CF4538-9101-4328-81D0-AF1B2A8B314A}.Default|Any CPU.ActiveCfg = Debug|Any CPU
		{F7CF4538-9101-4328-81D0-AF1B2A8B314A}.Default|Any CPU.Build.0 = Debug|Any CPU
		{F7CF4538-9101-4328-81D0-AF1B2A8B314A}.Default|Mixed Platforms.ActiveCfg = Debug|Any CPU
		{F7CF4538-9101-4328-81D0-AF1B2A8B314A}.Default|Mixed Platforms.Build.0 = Debug|Any CPU
		{F7CF4538-9101-4328-81D0-AF1B2A8B314A}.Release|.NET.ActiveCfg = Release|Any CPU
		{F7CF4538-9101-4328-81D0-AF1B2A8B314A}.Release|Any CPU.ActiveCfg = Release|Any CPU
		{F7CF4538-9101-4328-81D0-AF1B2A8B314A}.Release|Any CPU.Build.0 = Release|Any CPU
		{F7CF4538-9101-4328-81D0-AF1B2A8B314A}.Release|Mixed Platforms.ActiveCfg = Release|Any CPU
		{F7CF4538-9101-4328-81D0-AF1B2A8B314A}.Release|Mixed Platforms.Build.0 = Release|Any CPU
		{9BD39C5B-5BFB-48DE-A131-3AF2D19C29FA}.Debug|.NET.ActiveCfg = Debug|Any CPU
		{9BD39C5B-5BFB-48DE-A131-3AF2D19C29FA}.Debug|Any CPU.ActiveCfg = Debug|Any CPU
		{9BD39C5B-5BFB-48DE-A131-3AF2D19C29FA}.Debug|Any CPU.Build.0 = Debug|Any CPU
		{9BD39C5B-5BFB-48DE-A131-3AF2D19C29FA}.Debug|Mixed Platforms.ActiveCfg = Debug|Any CPU
		{9BD39C5B-5BFB-48DE-A131-3AF2D19C29FA}.Debug|Mixed Platforms.Build.0 = Debug|Any CPU
		{9BD39C5B-5BFB-48DE-A131-3AF2D19C29FA}.Default|.NET.ActiveCfg = Debug|Any CPU
		{9BD39C5B-5BFB-48DE-A131-3AF2D19C29FA}.Default|Any CPU.ActiveCfg = Debug|Any CPU
		{9BD39C5B-5BFB-48DE-A131-3AF2D19C29FA}.Default|Any CPU.Build.0 = Debug|Any CPU
		{9BD39C5B-5BFB-48DE-A131-3AF2D19C29FA}.Default|Mixed Platforms.ActiveCfg = Debug|Any CPU
		{9BD39C5B-5BFB-48DE-A131-3AF2D19C29FA}.Default|Mixed Platforms.Build.0 = Debug|Any CPU
		{9BD39C5B-5BFB-48DE-A131-3AF2D19C29FA}.Release|.NET.ActiveCfg = Release|Any CPU
		{9BD39C5B-5BFB-48DE-A131-3AF2D19C29FA}.Release|Any CPU.ActiveCfg = Release|Any CPU
		{9BD39C5B-5BFB-48DE-A131-3AF2D19C29FA}.Release|Any CPU.Build.0 = Release|Any CPU
		{9BD39C5B-5BFB-48DE-A131-3AF2D19C29FA}.Release|Mixed Platforms.ActiveCfg = Release|Any CPU
		{9BD39C5B-5BFB-48DE-A131-3AF2D19C29FA}.Release|Mixed Platforms.Build.0 = Release|Any CPU
		{2D4FB641-C7D3-4E7F-8B58-A083C0541B66}.Debug|.NET.ActiveCfg = Debug|Any CPU
		{2D4FB641-C7D3-4E7F-8B58-A083C0541B66}.Debug|Any CPU.ActiveCfg = Debug|Any CPU
		{2D4FB641-C7D3-4E7F-8B58-A083C0541B66}.Debug|Any CPU.Build.0 = Debug|Any CPU
		{2D4FB641-C7D3-4E7F-8B58-A083C0541B66}.Debug|Mixed Platforms.ActiveCfg = Debug|Any CPU
		{2D4FB641-C7D3-4E7F-8B58-A083C0541B66}.Debug|Mixed Platforms.Build.0 = Debug|Any CPU
		{2D4FB641-C7D3-4E7F-8B58-A083C0541B66}.Default|.NET.ActiveCfg = Debug|Any CPU
		{2D4FB641-C7D3-4E7F-8B58-A083C0541B66}.Default|Any CPU.ActiveCfg = Debug|Any CPU
		{2D4FB641-C7D3-4E7F-8B58-A083C0541B66}.Default|Any CPU.Build.0 = Debug|Any CPU
		{2D4FB641-C7D3-4E7F-8B58-A083C0541B66}.Default|Mixed Platforms.ActiveCfg = Debug|Any CPU
		{2D4FB641-C7D3-4E7F-8B58-A083C0541B66}.Default|Mixed Platforms.Build.0 = Debug|Any CPU
		{2D4FB641-C7D3-4E7F-8B58-A083C0541B66}.Release|.NET.ActiveCfg = Release|Any CPU
		{2D4FB641-C7D3-4E7F-8B58-A083C0541B66}.Release|Any CPU.ActiveCfg = Release|Any CPU
		{2D4FB641-C7D3-4E7F-8B58-A083C0541B66}.Release|Any CPU.Build.0 = Release|Any CPU
		{2D4FB641-C7D3-4E7F-8B58-A083C0541B66}.Release|Mixed Platforms.ActiveCfg = Release|Any CPU
		{2D4FB641-C7D3-4E7F-8B58-A083C0541B66}.Release|Mixed Platforms.Build.0 = Release|Any CPU
		{3DCF59D6-C7CC-4CC7-8ED9-4A953B26E036}.Debug|.NET.ActiveCfg = Debug|Any CPU
		{3DCF59D6-C7CC-4CC7-8ED9-4A953B26E036}.Debug|Any CPU.ActiveCfg = Debug|Any CPU
		{3DCF59D6-C7CC-4CC7-8ED9-4A953B26E036}.Debug|Any CPU.Build.0 = Debug|Any CPU
		{3DCF59D6-C7CC-4CC7-8ED9-4A953B26E036}.Debug|Mixed Platforms.ActiveCfg = Debug|Any CPU
		{3DCF59D6-C7CC-4CC7-8ED9-4A953B26E036}.Debug|Mixed Platforms.Build.0 = Debug|Any CPU
		{3DCF59D6-C7CC-4CC7-8ED9-4A953B26E036}.Default|.NET.ActiveCfg = Debug|Any CPU
		{3DCF59D6-C7CC-4CC7-8ED9-4A953B26E036}.Default|Any CPU.ActiveCfg = Debug|Any CPU
		{3DCF59D6-C7CC-4CC7-8ED9-4A953B26E036}.Default|Any CPU.Build.0 = Debug|Any CPU
		{3DCF59D6-C7CC-4CC7-8ED9-4A953B26E036}.Default|Mixed Platforms.ActiveCfg = Debug|Any CPU
		{3DCF59D6-C7CC-4CC7-8ED9-4A953B26E036}.Default|Mixed Platforms.Build.0 = Debug|Any CPU
		{3DCF59D6-C7CC-4CC7-8ED9-4A953B26E036}.Release|.NET.ActiveCfg = Release|Any CPU
		{3DCF59D6-C7CC-4CC7-8ED9-4A953B26E036}.Release|Any CPU.ActiveCfg = Release|Any CPU
		{3DCF59D6-C7CC-4CC7-8ED9-4A953B26E036}.Release|Any CPU.Build.0 = Release|Any CPU
		{3DCF59D6-C7CC-4CC7-8ED9-4A953B26E036}.Release|Mixed Platforms.ActiveCfg = Release|Any CPU
		{3DCF59D6-C7CC-4CC7-8ED9-4A953B26E036}.Release|Mixed Platforms.Build.0 = Release|Any CPU
		{A13FEE3F-28F9-4A9C-B774-7C958124D949}.Debug|.NET.ActiveCfg = Debug|Any CPU
		{A13FEE3F-28F9-4A9C-B774-7C958124D949}.Debug|Any CPU.ActiveCfg = Debug|Any CPU
		{A13FEE3F-28F9-4A9C-B774-7C958124D949}.Debug|Any CPU.Build.0 = Debug|Any CPU
		{A13FEE3F-28F9-4A9C-B774-7C958124D949}.Debug|Mixed Platforms.ActiveCfg = Debug|Any CPU
		{A13FEE3F-28F9-4A9C-B774-7C958124D949}.Debug|Mixed Platforms.Build.0 = Debug|Any CPU
		{A13FEE3F-28F9-4A9C-B774-7C958124D949}.Default|.NET.ActiveCfg = Debug|Any CPU
		{A13FEE3F-28F9-4A9C-B774-7C958124D949}.Default|Any CPU.ActiveCfg = Debug|Any CPU
		{A13FEE3F-28F9-4A9C-B774-7C958124D949}.Default|Any CPU.Build.0 = Debug|Any CPU
		{A13FEE3F-28F9-4A9C-B774-7C958124D949}.Default|Mixed Platforms.ActiveCfg = Debug|Any CPU
		{A13FEE3F-28F9-4A9C-B774-7C958124D949}.Default|Mixed Platforms.Build.0 = Debug|Any CPU
		{A13FEE3F-28F9-4A9C-B774-7C958124D949}.Release|.NET.ActiveCfg = Release|Any CPU
		{A13FEE3F-28F9-4A9C-B774-7C958124D949}.Release|Any CPU.ActiveCfg = Release|Any CPU
		{A13FEE3F-28F9-4A9C-B774-7C958124D949}.Release|Any CPU.Build.0 = Release|Any CPU
		{A13FEE3F-28F9-4A9C-B774-7C958124D949}.Release|Mixed Platforms.ActiveCfg = Release|Any CPU
		{A13FEE3F-28F9-4A9C-B774-7C958124D949}.Release|Mixed Platforms.Build.0 = Release|Any CPU
		{565374D0-3D96-4D3B-9E95-108574BA9755}.Debug|.NET.ActiveCfg = Debug|Any CPU
		{565374D0-3D96-4D3B-9E95-108574BA9755}.Debug|Any CPU.ActiveCfg = Debug|Any CPU
		{565374D0-3D96-4D3B-9E95-108574BA9755}.Debug|Any CPU.Build.0 = Debug|Any CPU
		{565374D0-3D96-4D3B-9E95-108574BA9755}.Debug|Mixed Platforms.ActiveCfg = Debug|Any CPU
		{565374D0-3D96-4D3B-9E95-108574BA9755}.Debug|Mixed Platforms.Build.0 = Debug|Any CPU
		{565374D0-3D96-4D3B-9E95-108574BA9755}.Default|.NET.ActiveCfg = Debug|Any CPU
		{565374D0-3D96-4D3B-9E95-108574BA9755}.Default|Any CPU.ActiveCfg = Debug|Any CPU
		{565374D0-3D96-4D3B-9E95-108574BA9755}.Default|Any CPU.Build.0 = Debug|Any CPU
		{565374D0-3D96-4D3B-9E95-108574BA9755}.Default|Mixed Platforms.ActiveCfg = Debug|Any CPU
		{565374D0-3D96-4D3B-9E95-108574BA9755}.Default|Mixed Platforms.Build.0 = Debug|Any CPU
		{565374D0-3D96-4D3B-9E95-108574BA9755}.Release|.NET.ActiveCfg = Release|Any CPU
		{565374D0-3D96-4D3B-9E95-108574BA9755}.Release|Any CPU.ActiveCfg = Release|Any CPU
		{565374D0-3D96-4D3B-9E95-108574BA9755}.Release|Any CPU.Build.0 = Release|Any CPU
		{565374D0-3D96-4D3B-9E95-108574BA9755}.Release|Mixed Platforms.ActiveCfg = Release|Any CPU
		{565374D0-3D96-4D3B-9E95-108574BA9755}.Release|Mixed Platforms.Build.0 = Release|Any CPU
	EndGlobalSection
	GlobalSection(SolutionProperties) = preSolution
		HideSolutionNode = FALSE
	EndGlobalSection
EndGlobal
