
Microsoft Visual Studio Solution File, Format Version 11.00
# Visual Studio 2010
Project("{2150E333-8FDC-42A3-9474-1A3956D46DE8}") = "DLL", "DLL", "{60FCF7CB-D806-47B0-8EB3-8291C3552B6D}"
	ProjectSection(SolutionItems) = preProject
		..\..\Cityer\Cityer\DLL\EFExtensions.dll = ..\..\Cityer\Cityer\DLL\EFExtensions.dll
		..\..\Cityer\Cityer\DLL\EFExtensions.pdb = ..\..\Cityer\Cityer\DLL\EFExtensions.pdb
		..\..\Cityer\Cityer\DLL\EFExtensions.xml = ..\..\Cityer\Cityer\DLL\EFExtensions.xml
		DLL\Microsoft.Web.Mvc.dll = DLL\Microsoft.Web.Mvc.dll
		DLL\Microsoft.Web.Testing.Light.dll = DLL\Microsoft.Web.Testing.Light.dll
		DLL\Microsoft.Web.Testing.Light.pdb = DLL\Microsoft.Web.Testing.Light.pdb
		DLL\Moq.dll = DLL\Moq.dll
		DLL\Moq.pdb = DLL\Moq.pdb
		DLL\Moq.xml = DLL\Moq.xml
		DLL\Newtonsoft.Json.dll = DLL\Newtonsoft.Json.dll
		DLL\Newtonsoft.Json.pdb = DLL\Newtonsoft.Json.pdb
		DLL\Rhino.Mocks.dll = DLL\Rhino.Mocks.dll
		DLL\Rhino.Mocks.xml = DLL\Rhino.Mocks.xml
		DLL\System.Web.Mvc.dll = DLL\System.Web.Mvc.dll
		DLL\System.Web.Mvc.pdb = DLL\System.Web.Mvc.pdb
		DLL\UnitView.dll = DLL\UnitView.dll
		DLL\UnitView.pdb = DLL\UnitView.pdb
	EndProjectSection
EndProject
Project("{2150E333-8FDC-42A3-9474-1A3956D46DE8}") = "Models", "Models", "{B3184A8F-23C1-4DBB-88CC-35D18477161F}"
EndProject
Project("{2150E333-8FDC-42A3-9474-1A3956D46DE8}") = "Core", "Core", "{5EF50786-2492-4737-946C-906F0E62EF91}"
EndProject
Project("{2150E333-8FDC-42A3-9474-1A3956D46DE8}") = "MVCHelper", "MVCHelper", "{20A815C8-5BE0-4F75-850A-3F4AA4684DEE}"
EndProject
Project("{2150E333-8FDC-42A3-9474-1A3956D46DE8}") = "Views", "Views", "{D3F92409-02E1-4837-9974-3A7816F96EC1}"
EndProject
Project("{2150E333-8FDC-42A3-9474-1A3956D46DE8}") = "Implement", "Implement", "{EDDCC8CD-6B54-4E66-A5ED-BB0BB8460A50}"
EndProject
Project("{2150E333-8FDC-42A3-9474-1A3956D46DE8}") = "Service", "Service", "{4D062B38-5AF9-4E5E-8D92-5310078CFBDD}"
EndProject
Project("{2150E333-8FDC-42A3-9474-1A3956D46DE8}") = "Solution Items", "Solution Items", "{767D90FA-E4DB-49A5-9FE5-B1F42F64DED6}"
	ProjectSection(SolutionItems) = preProject
		CHSNS1.x2.vsmdi = CHSNS1.x2.vsmdi
		LocalTestRun.testrunconfig = LocalTestRun.testrunconfig
	EndProjectSection
EndProject
Project("{FAE04EC0-301F-11D3-BF4B-00C04F79EFBC}") = "CHSNS.Core", "CHSNS.Core\CHSNS.Core.csproj", "{F7CF4538-9101-4328-81D0-AF1B2A8B314A}"
EndProject
Project("{FAE04EC0-301F-11D3-BF4B-00C04F79EFBC}") = "CHSNS.Core.Tests", "CHSNS.Core.Tests\CHSNS.Core.Tests.csproj", "{54126DEC-D878-40B2-9E49-57E8C04F0D21}"
EndProject
Project("{FAE04EC0-301F-11D3-BF4B-00C04F79EFBC}") = "CHSNS.Common", "CHSNS.Common\CHSNS.Common.csproj", "{9BD39C5B-5BFB-48DE-A131-3AF2D19C29FA}"
EndProject
Project("{FAE04EC0-301F-11D3-BF4B-00C04F79EFBC}") = "CHSNS.Service", "CHSNS.Service\CHSNS.Service.csproj", "{2D4FB641-C7D3-4E7F-8B58-A083C0541B66}"
EndProject
Project("{FAE04EC0-301F-11D3-BF4B-00C04F79EFBC}") = "CHSNS.MVCHelper", "CHSNS.MVCHelper\CHSNS.MVCHelper.csproj", "{3DCF59D6-C7CC-4CC7-8ED9-4A953B26E036}"
EndProject
Project("{FAE04EC0-301F-11D3-BF4B-00C04F79EFBC}") = "CHSNS.Model", "CHSNS.Model\CHSNS.Model.csproj", "{A13FEE3F-28F9-4A9C-B774-7C958124D949}"
EndProject
Project("{FAE04EC0-301F-11D3-BF4B-00C04F79EFBC}") = "CHSNS.ViewModel", "CHSNS.ViewModel\CHSNS.ViewModel.csproj", "{27E2B6B3-7382-4D72-A889-7FDD618126F3}"
EndProject
Project("{FAE04EC0-301F-11D3-BF4B-00C04F79EFBC}") = "CHSNS.SQLServerImplement", "CHSNS.SQLServerImplement\CHSNS.SQLServerImplement.csproj", "{35BE4C3F-C9D9-49C5-B8DA-ADCF8BD144F3}"
EndProject
Project("{FAE04EC0-301F-11D3-BF4B-00C04F79EFBC}") = "CHSNS.Abstractions", "CHSNS.Abstractions\CHSNS.Abstractions.csproj", "{3836155E-981B-4C16-8F45-96D19ECC6F7E}"
EndProject
Project("{FAE04EC0-301F-11D3-BF4B-00C04F79EFBC}") = "UnitTestUtil", "UnitTestUtil\UnitTestUtil.csproj", "{57FFC134-7F9D-4B97-8692-8D2C16714663}"
EndProject
Project("{FAE04EC0-301F-11D3-BF4B-00C04F79EFBC}") = "Web", "Web\Web.csproj", "{565374D0-3D96-4D3B-9E95-108574BA9755}"
EndProject
Global
	GlobalSection(TeamFoundationVersionControl) = preSolution
		SccNumberOfProjects = 12
		SccEnterpriseProvider = {4CA58AB2-18FA-4F8D-95D4-32DDF27D184C}
		SccTeamFoundationServer = https://tfs02.codeplex.com/
		SccLocalPath0 = .
		SccProjectUniqueName1 = CHSNS.Core\\CHSNS.Core.csproj
		SccProjectTopLevelParentUniqueName1 = CHSNS1.x.sln
		SccProjectName1 = CHSNS.Core
		SccLocalPath1 = CHSNS.Core
		SccProjectUniqueName2 = CHSNS.Core.Tests\\CHSNS.Core.Tests.csproj
		SccProjectTopLevelParentUniqueName2 = CHSNS1.x.sln
		SccProjectName2 = CHSNS.Core.Tests
		SccLocalPath2 = CHSNS.Core.Tests
		SccProjectUniqueName3 = CHSNS.Common\\CHSNS.Common.csproj
		SccProjectTopLevelParentUniqueName3 = CHSNS1.x.sln
		SccProjectName3 = CHSNS.Common
		SccLocalPath3 = CHSNS.Common
		SccProjectUniqueName4 = CHSNS.Service\\CHSNS.Service.csproj
		SccProjectTopLevelParentUniqueName4 = CHSNS1.x.sln
		SccProjectName4 = CHSNS.Service
		SccLocalPath4 = CHSNS.Service
		SccProjectUniqueName5 = CHSNS.MVCHelper\\CHSNS.MVCHelper.csproj
		SccProjectTopLevelParentUniqueName5 = CHSNS1.x.sln
		SccProjectName5 = CHSNS.MVCHelper
		SccLocalPath5 = CHSNS.MVCHelper
		SccProjectUniqueName6 = CHSNS.Model\\CHSNS.Model.csproj
		SccProjectTopLevelParentUniqueName6 = CHSNS1.x.sln
		SccProjectName6 = CHSNS.Model
		SccLocalPath6 = CHSNS.Model
		SccProjectUniqueName7 = CHSNS.ViewModel\\CHSNS.ViewModel.csproj
		SccProjectTopLevelParentUniqueName7 = CHSNS1.x.sln
		SccProjectName7 = CHSNS.ViewModel
		SccLocalPath7 = CHSNS.ViewModel
		SccProjectUniqueName8 = CHSNS.SQLServerImplement\\CHSNS.SQLServerImplement.csproj
		SccProjectTopLevelParentUniqueName8 = CHSNS1.x.sln
		SccProjectName8 = CHSNS.SQLServerImplement
		SccLocalPath8 = CHSNS.SQLServerImplement
		SccProjectUniqueName9 = CHSNS.Abstractions\\CHSNS.Abstractions.csproj
		SccProjectTopLevelParentUniqueName9 = CHSNS1.x.sln
		SccProjectName9 = CHSNS.Abstractions
		SccLocalPath9 = CHSNS.Abstractions
		SccProjectUniqueName10 = UnitTestUtil\\UnitTestUtil.csproj
		SccProjectTopLevelParentUniqueName10 = CHSNS1.x.sln
		SccProjectName10 = UnitTestUtil
		SccLocalPath10 = UnitTestUtil
		SccProjectUniqueName11 = Web\\Web.csproj
		SccProjectTopLevelParentUniqueName11 = CHSNS1.x.sln
		SccProjectName11 = Web
		SccLocalPath11 = Web
	EndGlobalSection
	GlobalSection(TestCaseManagementSettings) = postSolution
		CategoryFile = CHSNS1.x2.vsmdi
	EndGlobalSection
	GlobalSection(SolutionConfigurationPlatforms) = preSolution
		Debug|.NET = Debug|.NET
		Debug|Any CPU = Debug|Any CPU
		Debug|Mixed Platforms = Debug|Mixed Platforms
		Default|.NET = Default|.NET
		Default|Any CPU = Default|Any CPU
		Default|Mixed Platforms = Default|Mixed Platforms
		Release|.NET = Release|.NET
		Release|Any CPU = Release|Any CPU
		Release|Mixed Platforms = Release|Mixed Platforms
	EndGlobalSection
	GlobalSection(ProjectConfigurationPlatforms) = postSolution
		{F7CF4538-9101-4328-81D0-AF1B2A8B314A}.Debug|.NET.ActiveCfg = Debug|Any CPU
		{F7CF4538-9101-4328-81D0-AF1B2A8B314A}.Debug|Any CPU.ActiveCfg = Debug|Any CPU
		{F7CF4538-9101-4328-81D0-AF1B2A8B314A}.Debug|Any CPU.Build.0 = Debug|Any CPU
		{F7CF4538-9101-4328-81D0-AF1B2A8B314A}.Debug|Mixed Platforms.ActiveCfg = Debug|Any CPU
		{F7CF4538-9101-4328-81D0-AF1B2A8B314A}.Debug|Mixed Platforms.Build.0 = Debug|Any CPU
		{F7CF4538-9101-4328-81D0-AF1B2A8B314A}.Default|.NET.ActiveCfg = Debug|Any CPU
		{F7CF4538-9101-4328-81D0-AF1B2A8B314A}.Default|Any CPU.ActiveCfg = Debug|Any CPU
		{F7CF4538-9101-4328-81D0-AF1B2A8B314A}.Default|Any CPU.Build.0 = Debug|Any CPU
		{F7CF4538-9101-4328-81D0-AF1B2A8B314A}.Default|Mixed Platforms.ActiveCfg = Debug|Any CPU
		{F7CF4538-9101-4328-81D0-AF1B2A8B314A}.Default|Mixed Platforms.Build.0 = Debug|Any CPU
		{F7CF4538-9101-4328-81D0-AF1B2A8B314A}.Release|.NET.ActiveCfg = Release|Any CPU
		{F7CF4538-9101-4328-81D0-AF1B2A8B314A}.Release|Any CPU.ActiveCfg = Release|Any CPU
		{F7CF4538-9101-4328-81D0-AF1B2A8B314A}.Release|Any CPU.Build.0 = Release|Any CPU
		{F7CF4538-9101-4328-81D0-AF1B2A8B314A}.Release|Mixed Platforms.ActiveCfg = Release|Any CPU
		{F7CF4538-9101-4328-81D0-AF1B2A8B314A}.Release|Mixed Platforms.Build.0 = Release|Any CPU
		{54126DEC-D878-40B2-9E49-57E8C04F0D21}.Debug|.NET.ActiveCfg = Debug|Any CPU
		{54126DEC-D878-40B2-9E49-57E8C04F0D21}.Debug|Any CPU.ActiveCfg = Debug|Any CPU
		{54126DEC-D878-40B2-9E49-57E8C04F0D21}.Debug|Any CPU.Build.0 = Debug|Any CPU
		{54126DEC-D878-40B2-9E49-57E8C04F0D21}.Debug|Mixed Platforms.ActiveCfg = Debug|Any CPU
		{54126DEC-D878-40B2-9E49-57E8C04F0D21}.Debug|Mixed Platforms.Build.0 = Debug|Any CPU
		{54126DEC-D878-40B2-9E49-57E8C04F0D21}.Default|.NET.ActiveCfg = Debug|Any CPU
		{54126DEC-D878-40B2-9E49-57E8C04F0D21}.Default|Any CPU.ActiveCfg = Debug|Any CPU
		{54126DEC-D878-40B2-9E49-57E8C04F0D21}.Default|Any CPU.Build.0 = Debug|Any CPU
		{54126DEC-D878-40B2-9E49-57E8C04F0D21}.Default|Mixed Platforms.ActiveCfg = Debug|Any CPU
		{54126DEC-D878-40B2-9E49-57E8C04F0D21}.Default|Mixed Platforms.Build.0 = Debug|Any CPU
		{54126DEC-D878-40B2-9E49-57E8C04F0D21}.Release|.NET.ActiveCfg = Release|Any CPU
		{54126DEC-D878-40B2-9E49-57E8C04F0D21}.Release|Any CPU.ActiveCfg = Release|Any CPU
		{54126DEC-D878-40B2-9E49-57E8C04F0D21}.Release|Any CPU.Build.0 = Release|Any CPU
		{54126DEC-D878-40B2-9E49-57E8C04F0D21}.Release|Mixed Platforms.ActiveCfg = Release|Any CPU
		{54126DEC-D878-40B2-9E49-57E8C04F0D21}.Release|Mixed Platforms.Build.0 = Release|Any CPU
		{9BD39C5B-5BFB-48DE-A131-3AF2D19C29FA}.Debug|.NET.ActiveCfg = Debug|Any CPU
		{9BD39C5B-5BFB-48DE-A131-3AF2D19C29FA}.Debug|Any CPU.ActiveCfg = Debug|Any CPU
		{9BD39C5B-5BFB-48DE-A131-3AF2D19C29FA}.Debug|Any CPU.Build.0 = Debug|Any CPU
		{9BD39C5B-5BFB-48DE-A131-3AF2D19C29FA}.Debug|Mixed Platforms.ActiveCfg = Debug|Any CPU
		{9BD39C5B-5BFB-48DE-A131-3AF2D19C29FA}.Debug|Mixed Platforms.Build.0 = Debug|Any CPU
		{9BD39C5B-5BFB-48DE-A131-3AF2D19C29FA}.Default|.NET.ActiveCfg = Debug|Any CPU
		{9BD39C5B-5BFB-48DE-A131-3AF2D19C29FA}.Default|Any CPU.ActiveCfg = Debug|Any CPU
		{9BD39C5B-5BFB-48DE-A131-3AF2D19C29FA}.Default|Any CPU.Build.0 = Debug|Any CPU
		{9BD39C5B-5BFB-48DE-A131-3AF2D19C29FA}.Default|Mixed Platforms.ActiveCfg = Debug|Any CPU
		{9BD39C5B-5BFB-48DE-A131-3AF2D19C29FA}.Default|Mixed Platforms.Build.0 = Debug|Any CPU
		{9BD39C5B-5BFB-48DE-A131-3AF2D19C29FA}.Release|.NET.ActiveCfg = Release|Any CPU
		{9BD39C5B-5BFB-48DE-A131-3AF2D19C29FA}.Release|Any CPU.ActiveCfg = Release|Any CPU
		{9BD39C5B-5BFB-48DE-A131-3AF2D19C29FA}.Release|Any CPU.Build.0 = Release|Any CPU
		{9BD39C5B-5BFB-48DE-A131-3AF2D19C29FA}.Release|Mixed Platforms.ActiveCfg = Release|Any CPU
		{9BD39C5B-5BFB-48DE-A131-3AF2D19C29FA}.Release|Mixed Platforms.Build.0 = Release|Any CPU
		{2D4FB641-C7D3-4E7F-8B58-A083C0541B66}.Debug|.NET.ActiveCfg = Debug|Any CPU
		{2D4FB641-C7D3-4E7F-8B58-A083C0541B66}.Debug|Any CPU.ActiveCfg = Debug|Any CPU
		{2D4FB641-C7D3-4E7F-8B58-A083C0541B66}.Debug|Any CPU.Build.0 = Debug|Any CPU
		{2D4FB641-C7D3-4E7F-8B58-A083C0541B66}.Debug|Mixed Platforms.ActiveCfg = Debug|Any CPU
		{2D4FB641-C7D3-4E7F-8B58-A083C0541B66}.Debug|Mixed Platforms.Build.0 = Debug|Any CPU
		{2D4FB641-C7D3-4E7F-8B58-A083C0541B66}.Default|.NET.ActiveCfg = Debug|Any CPU
		{2D4FB641-C7D3-4E7F-8B58-A083C0541B66}.Default|Any CPU.ActiveCfg = Debug|Any CPU
		{2D4FB641-C7D3-4E7F-8B58-A083C0541B66}.Default|Any CPU.Build.0 = Debug|Any CPU
		{2D4FB641-C7D3-4E7F-8B58-A083C0541B66}.Default|Mixed Platforms.ActiveCfg = Debug|Any CPU
		{2D4FB641-C7D3-4E7F-8B58-A083C0541B66}.Default|Mixed Platforms.Build.0 = Debug|Any CPU
		{2D4FB641-C7D3-4E7F-8B58-A083C0541B66}.Release|.NET.ActiveCfg = Release|Any CPU
		{2D4FB641-C7D3-4E7F-8B58-A083C0541B66}.Release|Any CPU.ActiveCfg = Release|Any CPU
		{2D4FB641-C7D3-4E7F-8B58-A083C0541B66}.Release|Any CPU.Build.0 = Release|Any CPU
		{2D4FB641-C7D3-4E7F-8B58-A083C0541B66}.Release|Mixed Platforms.ActiveCfg = Release|Any CPU
		{2D4FB641-C7D3-4E7F-8B58-A083C0541B66}.Release|Mixed Platforms.Build.0 = Release|Any CPU
		{3DCF59D6-C7CC-4CC7-8ED9-4A953B26E036}.Debug|.NET.ActiveCfg = Debug|Any CPU
		{3DCF59D6-C7CC-4CC7-8ED9-4A953B26E036}.Debug|Any CPU.ActiveCfg = Debug|Any CPU
		{3DCF59D6-C7CC-4CC7-8ED9-4A953B26E036}.Debug|Any CPU.Build.0 = Debug|Any CPU
		{3DCF59D6-C7CC-4CC7-8ED9-4A953B26E036}.Debug|Mixed Platforms.ActiveCfg = Debug|Any CPU
		{3DCF59D6-C7CC-4CC7-8ED9-4A953B26E036}.Debug|Mixed Platforms.Build.0 = Debug|Any CPU
		{3DCF59D6-C7CC-4CC7-8ED9-4A953B26E036}.Default|.NET.ActiveCfg = Debug|Any CPU
		{3DCF59D6-C7CC-4CC7-8ED9-4A953B26E036}.Default|Any CPU.ActiveCfg = Debug|Any CPU
		{3DCF59D6-C7CC-4CC7-8ED9-4A953B26E036}.Default|Any CPU.Build.0 = Debug|Any CPU
		{3DCF59D6-C7CC-4CC7-8ED9-4A953B26E036}.Default|Mixed Platforms.ActiveCfg = Debug|Any CPU
		{3DCF59D6-C7CC-4CC7-8ED9-4A953B26E036}.Default|Mixed Platforms.Build.0 = Debug|Any CPU
		{3DCF59D6-C7CC-4CC7-8ED9-4A953B26E036}.Release|.NET.ActiveCfg = Release|Any CPU
		{3DCF59D6-C7CC-4CC7-8ED9-4A953B26E036}.Release|Any CPU.ActiveCfg = Release|Any CPU
		{3DCF59D6-C7CC-4CC7-8ED9-4A953B26E036}.Release|Any CPU.Build.0 = Release|Any CPU
		{3DCF59D6-C7CC-4CC7-8ED9-4A953B26E036}.Release|Mixed Platforms.ActiveCfg = Release|Any CPU
		{3DCF59D6-C7CC-4CC7-8ED9-4A953B26E036}.Release|Mixed Platforms.Build.0 = Release|Any CPU
		{A13FEE3F-28F9-4A9C-B774-7C958124D949}.Debug|.NET.ActiveCfg = Debug|Any CPU
		{A13FEE3F-28F9-4A9C-B774-7C958124D949}.Debug|Any CPU.ActiveCfg = Debug|Any CPU
		{A13FEE3F-28F9-4A9C-B774-7C958124D949}.Debug|Any CPU.Build.0 = Debug|Any CPU
		{A13FEE3F-28F9-4A9C-B774-7C958124D949}.Debug|Mixed Platforms.ActiveCfg = Debug|Any CPU
		{A13FEE3F-28F9-4A9C-B774-7C958124D949}.Debug|Mixed Platforms.Build.0 = Debug|Any CPU
		{A13FEE3F-28F9-4A9C-B774-7C958124D949}.Default|.NET.ActiveCfg = Debug|Any CPU
		{A13FEE3F-28F9-4A9C-B774-7C958124D949}.Default|Any CPU.ActiveCfg = Debug|Any CPU
		{A13FEE3F-28F9-4A9C-B774-7C958124D949}.Default|Any CPU.Build.0 = Debug|Any CPU
		{A13FEE3F-28F9-4A9C-B774-7C958124D949}.Default|Mixed Platforms.ActiveCfg = Debug|Any CPU
		{A13FEE3F-28F9-4A9C-B774-7C958124D949}.Default|Mixed Platforms.Build.0 = Debug|Any CPU
		{A13FEE3F-28F9-4A9C-B774-7C958124D949}.Release|.NET.ActiveCfg = Release|Any CPU
		{A13FEE3F-28F9-4A9C-B774-7C958124D949}.Release|Any CPU.ActiveCfg = Release|Any CPU
		{A13FEE3F-28F9-4A9C-B774-7C958124D949}.Release|Any CPU.Build.0 = Release|Any CPU
		{A13FEE3F-28F9-4A9C-B774-7C958124D949}.Release|Mixed Platforms.ActiveCfg = Release|Any CPU
		{A13FEE3F-28F9-4A9C-B774-7C958124D949}.Release|Mixed Platforms.Build.0 = Release|Any CPU
		{27E2B6B3-7382-4D72-A889-7FDD618126F3}.Debug|.NET.ActiveCfg = Debug|Any CPU
		{27E2B6B3-7382-4D72-A889-7FDD618126F3}.Debug|Any CPU.ActiveCfg = Debug|Any CPU
		{27E2B6B3-7382-4D72-A889-7FDD618126F3}.Debug|Any CPU.Build.0 = Debug|Any CPU
		{27E2B6B3-7382-4D72-A889-7FDD618126F3}.Debug|Mixed Platforms.ActiveCfg = Debug|Any CPU
		{27E2B6B3-7382-4D72-A889-7FDD618126F3}.Debug|Mixed Platforms.Build.0 = Debug|Any CPU
		{27E2B6B3-7382-4D72-A889-7FDD618126F3}.Default|.NET.ActiveCfg = Debug|Any CPU
		{27E2B6B3-7382-4D72-A889-7FDD618126F3}.Default|Any CPU.ActiveCfg = Debug|Any CPU
		{27E2B6B3-7382-4D72-A889-7FDD618126F3}.Default|Any CPU.Build.0 = Debug|Any CPU
		{27E2B6B3-7382-4D72-A889-7FDD618126F3}.Default|Mixed Platforms.ActiveCfg = Debug|Any CPU
		{27E2B6B3-7382-4D72-A889-7FDD618126F3}.Default|Mixed Platforms.Build.0 = Debug|Any CPU
		{27E2B6B3-7382-4D72-A889-7FDD618126F3}.Release|.NET.ActiveCfg = Release|Any CPU
		{27E2B6B3-7382-4D72-A889-7FDD618126F3}.Release|Any CPU.ActiveCfg = Release|Any CPU
		{27E2B6B3-7382-4D72-A889-7FDD618126F3}.Release|Any CPU.Build.0 = Release|Any CPU
		{27E2B6B3-7382-4D72-A889-7FDD618126F3}.Release|Mixed Platforms.ActiveCfg = Release|Any CPU
		{27E2B6B3-7382-4D72-A889-7FDD618126F3}.Release|Mixed Platforms.Build.0 = Release|Any CPU
		{35BE4C3F-C9D9-49C5-B8DA-ADCF8BD144F3}.Debug|.NET.ActiveCfg = Debug|Any CPU
		{35BE4C3F-C9D9-49C5-B8DA-ADCF8BD144F3}.Debug|Any CPU.ActiveCfg = Debug|Any CPU
		{35BE4C3F-C9D9-49C5-B8DA-ADCF8BD144F3}.Debug|Any CPU.Build.0 = Debug|Any CPU
		{35BE4C3F-C9D9-49C5-B8DA-ADCF8BD144F3}.Debug|Mixed Platforms.ActiveCfg = Debug|Any CPU
		{35BE4C3F-C9D9-49C5-B8DA-ADCF8BD144F3}.Debug|Mixed Platforms.Build.0 = Debug|Any CPU
		{35BE4C3F-C9D9-49C5-B8DA-ADCF8BD144F3}.Default|.NET.ActiveCfg = Debug|Any CPU
		{35BE4C3F-C9D9-49C5-B8DA-ADCF8BD144F3}.Default|Any CPU.ActiveCfg = Debug|Any CPU
		{35BE4C3F-C9D9-49C5-B8DA-ADCF8BD144F3}.Default|Any CPU.Build.0 = Debug|Any CPU
		{35BE4C3F-C9D9-49C5-B8DA-ADCF8BD144F3}.Default|Mixed Platforms.ActiveCfg = Debug|Any CPU
		{35BE4C3F-C9D9-49C5-B8DA-ADCF8BD144F3}.Default|Mixed Platforms.Build.0 = Debug|Any CPU
		{35BE4C3F-C9D9-49C5-B8DA-ADCF8BD144F3}.Release|.NET.ActiveCfg = Release|Any CPU
		{35BE4C3F-C9D9-49C5-B8DA-ADCF8BD144F3}.Release|Any CPU.ActiveCfg = Release|Any CPU
		{35BE4C3F-C9D9-49C5-B8DA-ADCF8BD144F3}.Release|Any CPU.Build.0 = Release|Any CPU
		{35BE4C3F-C9D9-49C5-B8DA-ADCF8BD144F3}.Release|Mixed Platforms.ActiveCfg = Release|Any CPU
		{35BE4C3F-C9D9-49C5-B8DA-ADCF8BD144F3}.Release|Mixed Platforms.Build.0 = Release|Any CPU
		{3836155E-981B-4C16-8F45-96D19ECC6F7E}.Debug|.NET.ActiveCfg = Debug|Any CPU
		{3836155E-981B-4C16-8F45-96D19ECC6F7E}.Debug|Any CPU.ActiveCfg = Debug|Any CPU
		{3836155E-981B-4C16-8F45-96D19ECC6F7E}.Debug|Any CPU.Build.0 = Debug|Any CPU
		{3836155E-981B-4C16-8F45-96D19ECC6F7E}.Debug|Mixed Platforms.ActiveCfg = Debug|Any CPU
		{3836155E-981B-4C16-8F45-96D19ECC6F7E}.Debug|Mixed Platforms.Build.0 = Debug|Any CPU
		{3836155E-981B-4C16-8F45-96D19ECC6F7E}.Default|.NET.ActiveCfg = Debug|Any CPU
		{3836155E-981B-4C16-8F45-96D19ECC6F7E}.Default|Any CPU.ActiveCfg = Debug|Any CPU
		{3836155E-981B-4C16-8F45-96D19ECC6F7E}.Default|Any CPU.Build.0 = Debug|Any CPU
		{3836155E-981B-4C16-8F45-96D19ECC6F7E}.Default|Mixed Platforms.ActiveCfg = Debug|Any CPU
		{3836155E-981B-4C16-8F45-96D19ECC6F7E}.Default|Mixed Platforms.Build.0 = Debug|Any CPU
		{3836155E-981B-4C16-8F45-96D19ECC6F7E}.Release|.NET.ActiveCfg = Release|Any CPU
		{3836155E-981B-4C16-8F45-96D19ECC6F7E}.Release|Any CPU.ActiveCfg = Release|Any CPU
		{3836155E-981B-4C16-8F45-96D19ECC6F7E}.Release|Any CPU.Build.0 = Release|Any CPU
		{3836155E-981B-4C16-8F45-96D19ECC6F7E}.Release|Mixed Platforms.ActiveCfg = Release|Any CPU
		{3836155E-981B-4C16-8F45-96D19ECC6F7E}.Release|Mixed Platforms.Build.0 = Release|Any CPU
		{57FFC134-7F9D-4B97-8692-8D2C16714663}.Debug|.NET.ActiveCfg = Debug|Any CPU
		{57FFC134-7F9D-4B97-8692-8D2C16714663}.Debug|Any CPU.ActiveCfg = Debug|Any CPU
		{57FFC134-7F9D-4B97-8692-8D2C16714663}.Debug|Any CPU.Build.0 = Debug|Any CPU
		{57FFC134-7F9D-4B97-8692-8D2C16714663}.Debug|Mixed Platforms.ActiveCfg = Debug|Any CPU
		{57FFC134-7F9D-4B97-8692-8D2C16714663}.Debug|Mixed Platforms.Build.0 = Debug|Any CPU
		{57FFC134-7F9D-4B97-8692-8D2C16714663}.Default|.NET.ActiveCfg = Debug|Any CPU
		{57FFC134-7F9D-4B97-8692-8D2C16714663}.Default|Any CPU.ActiveCfg = Debug|Any CPU
		{57FFC134-7F9D-4B97-8692-8D2C16714663}.Default|Any CPU.Build.0 = Debug|Any CPU
		{57FFC134-7F9D-4B97-8692-8D2C16714663}.Default|Mixed Platforms.ActiveCfg = Debug|Any CPU
		{57FFC134-7F9D-4B97-8692-8D2C16714663}.Default|Mixed Platforms.Build.0 = Debug|Any CPU
		{57FFC134-7F9D-4B97-8692-8D2C16714663}.Release|.NET.ActiveCfg = Release|Any CPU
		{57FFC134-7F9D-4B97-8692-8D2C16714663}.Release|Any CPU.ActiveCfg = Release|Any CPU
		{57FFC134-7F9D-4B97-8692-8D2C16714663}.Release|Any CPU.Build.0 = Release|Any CPU
		{57FFC134-7F9D-4B97-8692-8D2C16714663}.Release|Mixed Platforms.ActiveCfg = Release|Any CPU
		{57FFC134-7F9D-4B97-8692-8D2C16714663}.Release|Mixed Platforms.Build.0 = Release|Any CPU
		{565374D0-3D96-4D3B-9E95-108574BA9755}.Debug|.NET.ActiveCfg = Debug|Any CPU
		{565374D0-3D96-4D3B-9E95-108574BA9755}.Debug|Any CPU.ActiveCfg = Debug|Any CPU
		{565374D0-3D96-4D3B-9E95-108574BA9755}.Debug|Any CPU.Build.0 = Debug|Any CPU
		{565374D0-3D96-4D3B-9E95-108574BA9755}.Debug|Mixed Platforms.ActiveCfg = Debug|Any CPU
		{565374D0-3D96-4D3B-9E95-108574BA9755}.Debug|Mixed Platforms.Build.0 = Debug|Any CPU
		{565374D0-3D96-4D3B-9E95-108574BA9755}.Default|.NET.ActiveCfg = Debug|Any CPU
		{565374D0-3D96-4D3B-9E95-108574BA9755}.Default|Any CPU.ActiveCfg = Debug|Any CPU
		{565374D0-3D96-4D3B-9E95-108574BA9755}.Default|Any CPU.Build.0 = Debug|Any CPU
		{565374D0-3D96-4D3B-9E95-108574BA9755}.Default|Mixed Platforms.ActiveCfg = Debug|Any CPU
		{565374D0-3D96-4D3B-9E95-108574BA9755}.Default|Mixed Platforms.Build.0 = Debug|Any CPU
		{565374D0-3D96-4D3B-9E95-108574BA9755}.Release|.NET.ActiveCfg = Release|Any CPU
		{565374D0-3D96-4D3B-9E95-108574BA9755}.Release|Any CPU.ActiveCfg = Release|Any CPU
		{565374D0-3D96-4D3B-9E95-108574BA9755}.Release|Any CPU.Build.0 = Release|Any CPU
		{565374D0-3D96-4D3B-9E95-108574BA9755}.Release|Mixed Platforms.ActiveCfg = Release|Any CPU
		{565374D0-3D96-4D3B-9E95-108574BA9755}.Release|Mixed Platforms.Build.0 = Release|Any CPU
	EndGlobalSection
	GlobalSection(SolutionProperties) = preSolution
		HideSolutionNode = FALSE
	EndGlobalSection
	GlobalSection(NestedProjects) = preSolution
		{A13FEE3F-28F9-4A9C-B774-7C958124D949} = {B3184A8F-23C1-4DBB-88CC-35D18477161F}
		{27E2B6B3-7382-4D72-A889-7FDD618126F3} = {B3184A8F-23C1-4DBB-88CC-35D18477161F}
		{F7CF4538-9101-4328-81D0-AF1B2A8B314A} = {5EF50786-2492-4737-946C-906F0E62EF91}
		{54126DEC-D878-40B2-9E49-57E8C04F0D21} = {5EF50786-2492-4737-946C-906F0E62EF91}
		{3836155E-981B-4C16-8F45-96D19ECC6F7E} = {5EF50786-2492-4737-946C-906F0E62EF91}
		{57FFC134-7F9D-4B97-8692-8D2C16714663} = {5EF50786-2492-4737-946C-906F0E62EF91}
		{3DCF59D6-C7CC-4CC7-8ED9-4A953B26E036} = {20A815C8-5BE0-4F75-850A-3F4AA4684DEE}
		{565374D0-3D96-4D3B-9E95-108574BA9755} = {D3F92409-02E1-4837-9974-3A7816F96EC1}
		{9BD39C5B-5BFB-48DE-A131-3AF2D19C29FA} = {EDDCC8CD-6B54-4E66-A5ED-BB0BB8460A50}
		{35BE4C3F-C9D9-49C5-B8DA-ADCF8BD144F3} = {EDDCC8CD-6B54-4E66-A5ED-BB0BB8460A50}
		{2D4FB641-C7D3-4E7F-8B58-A083C0541B66} = {4D062B38-5AF9-4E5E-8D92-5310078CFBDD}
	EndGlobalSection
EndGlobal
