
Microsoft Visual Studio Solution File, Format Version 12.00
# Visual Studio 15
VisualStudioVersion = 15.0.26403.0
MinimumVisualStudioVersion = 10.0.40219.1
Project("{FAE04EC0-301F-11D3-BF4B-00C04F79EFBC}") = "CHSNS.Core", "CHSNS.Core\CHSNS.Core.csproj", "{FDACD12B-9B0E-4695-95D4-86B56A02D17C}"
EndProject
Project("{FAE04EC0-301F-11D3-BF4B-00C04F79EFBC}") = "CHSNS.Core.Tests", "CHSNS.Core.Tests\CHSNS.Core.Tests.csproj", "{A9059684-8317-4C11-B7D3-F0A73F50B57E}"
EndProject
Project("{FAE04EC0-301F-11D3-BF4B-00C04F79EFBC}") = "CHSNS.Common", "CHSNS.Common\CHSNS.Common.csproj", "{7757ABEC-F12A-4029-B08F-0A53AE013252}"
EndProject
Project("{FAE04EC0-301F-11D3-BF4B-00C04F79EFBC}") = "CHSNS.Models", "CHSNS.Models\CHSNS.Models.csproj", "{28C3CB0C-CE31-4240-8C06-7F6CBA6D8186}"
EndProject
Project("{FAE04EC0-301F-11D3-BF4B-00C04F79EFBC}") = "CHSNS.DataContext", "CHSNS.DataContext\CHSNS.DataContext.csproj", "{93EE8D20-1F71-40E9-9388-F37DE8DC4164}"
EndProject
Project("{FAE04EC0-301F-11D3-BF4B-00C04F79EFBC}") = "CHSNS.WebTools", "CHSNS.WebTools\CHSNS.WebTools.csproj", "{8F73BB58-01C6-4BD4-81A8-6822C205C115}"
EndProject
Project("{FAE04EC0-301F-11D3-BF4B-00C04F79EFBC}") = "CHSNS.Services", "CHSNS.Services\CHSNS.Services.csproj", "{01AD77D4-6955-4CD2-89B0-C857336A3271}"
EndProject
Project("{FAE04EC0-301F-11D3-BF4B-00C04F79EFBC}") = "CHSNS.WebUI", "CHSNS.WebUI\CHSNS.WebUI.csproj", "{81AFAFDD-0497-477E-B0E6-A37ADF97BFA4}"
EndProject
Global
	GlobalSection(SolutionConfigurationPlatforms) = preSolution
		Debug|Any CPU = Debug|Any CPU
		Release|Any CPU = Release|Any CPU
	EndGlobalSection
	GlobalSection(ProjectConfigurationPlatforms) = postSolution
		{FDACD12B-9B0E-4695-95D4-86B56A02D17C}.Debug|Any CPU.ActiveCfg = Debug|Any CPU
		{FDACD12B-9B0E-4695-95D4-86B56A02D17C}.Debug|Any CPU.Build.0 = Debug|Any CPU
		{FDACD12B-9B0E-4695-95D4-86B56A02D17C}.Release|Any CPU.ActiveCfg = Release|Any CPU
		{FDACD12B-9B0E-4695-95D4-86B56A02D17C}.Release|Any CPU.Build.0 = Release|Any CPU
		{A9059684-8317-4C11-B7D3-F0A73F50B57E}.Debug|Any CPU.ActiveCfg = Debug|Any CPU
		{A9059684-8317-4C11-B7D3-F0A73F50B57E}.Debug|Any CPU.Build.0 = Debug|Any CPU
		{A9059684-8317-4C11-B7D3-F0A73F50B57E}.Release|Any CPU.ActiveCfg = Release|Any CPU
		{A9059684-8317-4C11-B7D3-F0A73F50B57E}.Release|Any CPU.Build.0 = Release|Any CPU
		{7757ABEC-F12A-4029-B08F-0A53AE013252}.Debug|Any CPU.ActiveCfg = Debug|Any CPU
		{7757ABEC-F12A-4029-B08F-0A53AE013252}.Debug|Any CPU.Build.0 = Debug|Any CPU
		{7757ABEC-F12A-4029-B08F-0A53AE013252}.Release|Any CPU.ActiveCfg = Release|Any CPU
		{7757ABEC-F12A-4029-B08F-0A53AE013252}.Release|Any CPU.Build.0 = Release|Any CPU
		{28C3CB0C-CE31-4240-8C06-7F6CBA6D8186}.Debug|Any CPU.ActiveCfg = Debug|Any CPU
		{28C3CB0C-CE31-4240-8C06-7F6CBA6D8186}.Debug|Any CPU.Build.0 = Debug|Any CPU
		{28C3CB0C-CE31-4240-8C06-7F6CBA6D8186}.Release|Any CPU.ActiveCfg = Release|Any CPU
		{28C3CB0C-CE31-4240-8C06-7F6CBA6D8186}.Release|Any CPU.Build.0 = Release|Any CPU
		{93EE8D20-1F71-40E9-9388-F37DE8DC4164}.Debug|Any CPU.ActiveCfg = Debug|Any CPU
		{93EE8D20-1F71-40E9-9388-F37DE8DC4164}.Debug|Any CPU.Build.0 = Debug|Any CPU
		{93EE8D20-1F71-40E9-9388-F37DE8DC4164}.Release|Any CPU.ActiveCfg = Release|Any CPU
		{93EE8D20-1F71-40E9-9388-F37DE8DC4164}.Release|Any CPU.Build.0 = Release|Any CPU
		{8F73BB58-01C6-4BD4-81A8-6822C205C115}.Debug|Any CPU.ActiveCfg = Debug|Any CPU
		{8F73BB58-01C6-4BD4-81A8-6822C205C115}.Debug|Any CPU.Build.0 = Debug|Any CPU
		{8F73BB58-01C6-4BD4-81A8-6822C205C115}.Release|Any CPU.ActiveCfg = Release|Any CPU
		{8F73BB58-01C6-4BD4-81A8-6822C205C115}.Release|Any CPU.Build.0 = Release|Any CPU
		{01AD77D4-6955-4CD2-89B0-C857336A3271}.Debug|Any CPU.ActiveCfg = Debug|Any CPU
		{01AD77D4-6955-4CD2-89B0-C857336A3271}.Debug|Any CPU.Build.0 = Debug|Any CPU
		{01AD77D4-6955-4CD2-89B0-C857336A3271}.Release|Any CPU.ActiveCfg = Release|Any CPU
		{01AD77D4-6955-4CD2-89B0-C857336A3271}.Release|Any CPU.Build.0 = Release|Any CPU
		{81AFAFDD-0497-477E-B0E6-A37ADF97BFA4}.Debug|Any CPU.ActiveCfg = Debug|Any CPU
		{81AFAFDD-0497-477E-B0E6-A37ADF97BFA4}.Debug|Any CPU.Build.0 = Debug|Any CPU
		{81AFAFDD-0497-477E-B0E6-A37ADF97BFA4}.Release|Any CPU.ActiveCfg = Release|Any CPU
		{81AFAFDD-0497-477E-B0E6-A37ADF97BFA4}.Release|Any CPU.Build.0 = Release|Any CPU
	EndGlobalSection
	GlobalSection(SolutionProperties) = preSolution
		HideSolutionNode = FALSE
	EndGlobalSection
EndGlobal
